
Microsoft Visual Studio Solution File, Format Version 12.00
# Visual Studio 15
VisualStudioVersion = 15.0.27703.2018
MinimumVisualStudioVersion = 10.0.40219.1
Project("{888888A0-9F3D-457C-B088-3A5042F75D52}") = "EarthQuake_phase_1", "EarthQuake_phase_1\EarthQuake_phase_1.pyproj", "{C1C0EF86-0FA9-40C2-81FC-2EA2EA412185}"
EndProject
Project("{888888A0-9F3D-457C-B088-3A5042F75D52}") = "Earthquake_phase_1_module2", "Earthquake_phase_1_module2\Earthquake_phase_1_module2.pyproj", "{5151C4A7-CF59-4765-9D4F-251BC842599A}"
EndProject
Project("{888888A0-9F3D-457C-B088-3A5042F75D52}") = "Earthquake_phase_1_module3", "Earthquake_phase_1_module3\Earthquake_phase_1_module3.pyproj", "{58FDC57D-BC68-4B77-9994-36A54F899EF4}"
EndProject
Global
	GlobalSection(SolutionConfigurationPlatforms) = preSolution
		Debug|Any CPU = Debug|Any CPU
		Release|Any CPU = Release|Any CPU
	EndGlobalSection
	GlobalSection(ProjectConfigurationPlatforms) = postSolution
		{C1C0EF86-0FA9-40C2-81FC-2EA2EA412185}.Debug|Any CPU.ActiveCfg = Debug|Any CPU
		{C1C0EF86-0FA9-40C2-81FC-2EA2EA412185}.Release|Any CPU.ActiveCfg = Release|Any CPU
		{5151C4A7-CF59-4765-9D4F-251BC842599A}.Debug|Any CPU.ActiveCfg = Debug|Any CPU
		{5151C4A7-CF59-4765-9D4F-251BC842599A}.Release|Any CPU.ActiveCfg = Release|Any CPU
		{58FDC57D-BC68-4B77-9994-36A54F899EF4}.Debug|Any CPU.ActiveCfg = Debug|Any CPU
		{58FDC57D-BC68-4B77-9994-36A54F899EF4}.Release|Any CPU.ActiveCfg = Release|Any CPU
	EndGlobalSection
	GlobalSection(SolutionProperties) = preSolution
		HideSolutionNode = FALSE
	EndGlobalSection
	GlobalSection(ExtensibilityGlobals) = postSolution
		SolutionGuid = {A66E6EA3-3019-4A5D-8D93-4B6423F4DE81}
	EndGlobalSection
EndGlobal
